
Microsoft Visual Studio Solution File, Format Version 12.00
# Visual Studio Version 17
VisualStudioVersion = 17.13.35931.197
MinimumVisualStudioVersion = 10.0.40219.1
Project("{FAE04EC0-301F-11D3-BF4B-00C04F79EFBC}") = "MagicAchievements", "MagicAchievements\MagicAchievements.csproj", "{12D51735-4D41-4BEA-B6B0-0D8B16DA1FEF}"
EndProject
Project("{FAE04EC0-301F-11D3-BF4B-00C04F79EFBC}") = "MagicAchievementsAPI", "MagicAchievementsAPI\MagicAchievementsAPI.csproj", "{F2C0712D-62E2-42C5-B862-A80DAAD2D0B4}"
EndProject
Global
	GlobalSection(SolutionConfigurationPlatforms) = preSolution
		Debug|Any CPU = Debug|Any CPU
		Release|Any CPU = Release|Any CPU
	EndGlobalSection
	GlobalSection(ProjectConfigurationPlatforms) = postSolution
		{12D51735-4D41-4BEA-B6B0-0D8B16DA1FEF}.Debug|Any CPU.ActiveCfg = Debug|Any CPU
		{12D51735-4D41-4BEA-B6B0-0D8B16DA1FEF}.Debug|Any CPU.Build.0 = Debug|Any CPU
		{12D51735-4D41-4BEA-B6B0-0D8B16DA1FEF}.Release|Any CPU.ActiveCfg = Release|Any CPU
		{12D51735-4D41-4BEA-B6B0-0D8B16DA1FEF}.Release|Any CPU.Build.0 = Release|Any CPU
		{F2C0712D-62E2-42C5-B862-A80DAAD2D0B4}.Debug|Any CPU.ActiveCfg = Debug|Any CPU
		{F2C0712D-62E2-42C5-B862-A80DAAD2D0B4}.Debug|Any CPU.Build.0 = Debug|Any CPU
		{F2C0712D-62E2-42C5-B862-A80DAAD2D0B4}.Release|Any CPU.ActiveCfg = Release|Any CPU
		{F2C0712D-62E2-42C5-B862-A80DAAD2D0B4}.Release|Any CPU.Build.0 = Release|Any CPU
	EndGlobalSection
	GlobalSection(SolutionProperties) = preSolution
		HideSolutionNode = FALSE
	EndGlobalSection
	GlobalSection(ExtensibilityGlobals) = postSolution
		SolutionGuid = {17952D5B-DEA6-44B3-9D5C-521BCF10FDF8}
	EndGlobalSection
EndGlobal
